PODS:
  - Alamofire (5.6.2)
  - Kingfisher (5.15.6):
    - Kingfisher/Core (= 5.15.6)
  - Kingfisher/Core (5.15.6)
  - ProgressHUD (13.7.2)

DEPENDENCIES:
  - Alamofire (= 5.6.2)
  - Kingfisher (= 5.15.6)
  - ProgressHUD (= 13.7.2)

SPEC REPOS:
  trunk:
    - Alamofire
    - Kingfisher
    - ProgressHUD

SPEC CHECKSUMS:
  Alamofire: d368e1ff8a298e6dde360e35a3e68e6c610e7204
  Kingfisher: b3554e7bf6106115b44e8795300bad580ef2fdc7
  ProgressHUD: 093d24ca970f191744017bee2649e37d0cd1c5b9

PODFILE CHECKSUM: ac30edc598c602373f0811bced2f4aa29c0b6cca

COCOAPODS: 1.14.3
