// !$*UTF8*$!
{
	archiveVersion = 1;
	classes = {
	};
	objectVersion = 55;
	objects = {

/* Begin PBXBuildFile section */
		447DC0E0063D83170F0B8827 /* Pods_alarm_ios.framework in Frameworks */ = {isa = PBXBuildFile; fileRef = 5FA1F67C8B96FF5EC1431E80 /* Pods_alarm_ios.framework */; };
		4C2814F02AB9A8DC00E82BED /* UIViewController+Extension.swift in Sources */ = {isa = PBXBuildFile; fileRef = 4C2814EF2AB9A8DC00E82BED /* UIViewController+Extension.swift */; };
		4C2814F22AB9B05300E82BED /* DaysShortcutCell.swift in Sources */ = {isa = PBXBuildFile; fileRef = 4C2814F12AB9B05300E82BED /* DaysShortcutCell.swift */; };
		4C2F060328831C2500223D6F /* UIColor+Extension.swift in Sources */ = {isa = PBXBuildFile; fileRef = 4C2F060228831C2500223D6F /* UIColor+Extension.swift */; };
		4C34574828844F11001F5637 /* DaySelectViewController.swift in Sources */ = {isa = PBXBuildFile; fileRef = 4C34574628844F11001F5637 /* DaySelectViewController.swift */; };
		4C34574D2884BD97001F5637 /* TitleCell.swift in Sources */ = {isa = PBXBuildFile; fileRef = 4C34574B2884BD97001F5637 /* TitleCell.swift */; };
		4C3457542884C591001F5637 /* DayCheckCell.swift in Sources */ = {isa = PBXBuildFile; fileRef = 4C3457522884C591001F5637 /* DayCheckCell.swift */; };
		4C351F082883DA4D003F39EF /* DayCell.swift in Sources */ = {isa = PBXBuildFile; fileRef = 4C351F062883DA4D003F39EF /* DayCell.swift */; };
		4C351F092883DA4D003F39EF /* DayCell.xib in Resources */ = {isa = PBXBuildFile; fileRef = 4C351F072883DA4D003F39EF /* DayCell.xib */; };
		4C43BA41288C056E003A987D /* SongUseCase.swift in Sources */ = {isa = PBXBuildFile; fileRef = 4C43BA40288C056E003A987D /* SongUseCase.swift */; };
		4C4F2F7D28D806E700F311B6 /* SettingSongCell.swift in Sources */ = {isa = PBXBuildFile; fileRef = 4C4F2F7B28D806E700F311B6 /* SettingSongCell.swift */; };
		4C4F2F7E28D806E700F311B6 /* SettingSongCell.xib in Resources */ = {isa = PBXBuildFile; fileRef = 4C4F2F7C28D806E700F311B6 /* SettingSongCell.xib */; };
		4C4F2F8228D81C0000F311B6 /* SettingSongModalViewController.swift in Sources */ = {isa = PBXBuildFile; fileRef = 4C4F2F8028D81BFF00F311B6 /* SettingSongModalViewController.swift */; };
		4C4F2F8728D81EFE00F311B6 /* GroupSongCell.swift in Sources */ = {isa = PBXBuildFile; fileRef = 4C4F2F8528D81EFE00F311B6 /* GroupSongCell.swift */; };
		4C4F2F8828D81EFE00F311B6 /* GroupSongCell.xib in Resources */ = {isa = PBXBuildFile; fileRef = 4C4F2F8628D81EFE00F311B6 /* GroupSongCell.xib */; };
		4C86EAFE2885822F00334394 /* CancelDoneCell.swift in Sources */ = {isa = PBXBuildFile; fileRef = 4C86EAFC2885822F00334394 /* CancelDoneCell.swift */; };
		4C86EAFF2885822F00334394 /* CancelDoneCell.xib in Resources */ = {isa = PBXBuildFile; fileRef = 4C86EAFD2885822F00334394 /* CancelDoneCell.xib */; };
		4CC99BA9288440D600C79B87 /* Localizable.strings in Resources */ = {isa = PBXBuildFile; fileRef = 4CC99BAB288440D600C79B87 /* Localizable.strings */; };
		4CC99BAF2884435900C79B87 /* Localizable.swift in Sources */ = {isa = PBXBuildFile; fileRef = 4CC99BAE2884435900C79B87 /* Localizable.swift */; };
		4CC99BB2288446CB00C79B87 /* DayUseCase.swift in Sources */ = {isa = PBXBuildFile; fileRef = 4CC99BB1288446CB00C79B87 /* DayUseCase.swift */; };
		4CE55E382888EC0500FD7E60 /* SongCell.swift in Sources */ = {isa = PBXBuildFile; fileRef = 4CE55E362888EC0500FD7E60 /* SongCell.swift */; };
		4CE55E392888EC0500FD7E60 /* SongCell.xib in Resources */ = {isa = PBXBuildFile; fileRef = 4CE55E372888EC0500FD7E60 /* SongCell.xib */; };
		4CEB5671288234C400238D60 /* Device.swift in Sources */ = {isa = PBXBuildFile; fileRef = 4CEB5670288234C400238D60 /* Device.swift */; };
		4CEB5673288234FB00238D60 /* Subcription.swift in Sources */ = {isa = PBXBuildFile; fileRef = 4CEB5672288234FB00238D60 /* Subcription.swift */; };
		4CEB56752882351000238D60 /* Alarm.swift in Sources */ = {isa = PBXBuildFile; fileRef = 4CEB56742882351000238D60 /* Alarm.swift */; };
		4CEB56782882385E00238D60 /* GoogleService-Info.plist in Resources */ = {isa = PBXBuildFile; fileRef = 4CEB56772882385E00238D60 /* GoogleService-Info.plist */; };
		4CEB567D2882701200238D60 /* AlarmSettingViewController.swift in Sources */ = {isa = PBXBuildFile; fileRef = 4CEB567B2882701200238D60 /* AlarmSettingViewController.swift */; };
		4CEB56842882742D00238D60 /* TimerCell.swift in Sources */ = {isa = PBXBuildFile; fileRef = 4CEB56822882742D00238D60 /* TimerCell.swift */; };
		4CEB56852882742D00238D60 /* TimerCell.xib in Resources */ = {isa = PBXBuildFile; fileRef = 4CEB56832882742D00238D60 /* TimerCell.xib */; };
		4CEB568F288274DC00238D60 /* Nunito-ExtraLight.ttf in Resources */ = {isa = PBXBuildFile; fileRef = 4CEB5687288274DC00238D60 /* Nunito-ExtraLight.ttf */; };
		4CEB5690288274DC00238D60 /* Nunito-Bold.ttf in Resources */ = {isa = PBXBuildFile; fileRef = 4CEB5688288274DC00238D60 /* Nunito-Bold.ttf */; };
		4CEB5691288274DC00238D60 /* Nunito-Regular.ttf in Resources */ = {isa = PBXBuildFile; fileRef = 4CEB5689288274DC00238D60 /* Nunito-Regular.ttf */; };
		4CEB5692288274DC00238D60 /* Nunito-Medium.ttf in Resources */ = {isa = PBXBuildFile; fileRef = 4CEB568A288274DC00238D60 /* Nunito-Medium.ttf */; };
		4CEB5693288274DC00238D60 /* Nunito-ExtraBold.ttf in Resources */ = {isa = PBXBuildFile; fileRef = 4CEB568B288274DC00238D60 /* Nunito-ExtraBold.ttf */; };
		4CEB5694288274DC00238D60 /* Nunito-Light.ttf in Resources */ = {isa = PBXBuildFile; fileRef = 4CEB568C288274DC00238D60 /* Nunito-Light.ttf */; };
		4CEB5695288274DC00238D60 /* Nunito-SemiBold.ttf in Resources */ = {isa = PBXBuildFile; fileRef = 4CEB568D288274DC00238D60 /* Nunito-SemiBold.ttf */; };
		4CEB5696288274DC00238D60 /* Nunito-Black.ttf in Resources */ = {isa = PBXBuildFile; fileRef = 4CEB568E288274DC00238D60 /* Nunito-Black.ttf */; };
		4CEB569A28827C3500238D60 /* InitialViewControllerUseCase.swift in Sources */ = {isa = PBXBuildFile; fileRef = 4CEB569928827C3500238D60 /* InitialViewControllerUseCase.swift */; };
		4CEB569D28827D4C00238D60 /* TimerUseCase.swift in Sources */ = {isa = PBXBuildFile; fileRef = 4CEB569C28827D4C00238D60 /* TimerUseCase.swift */; };
		4CEB569F2882A88300238D60 /* CustomCell.swift in Sources */ = {isa = PBXBuildFile; fileRef = 4CEB569E2882A88300238D60 /* CustomCell.swift */; };
		4CEB56A32882AB2000238D60 /* ProtocolCell.swift in Sources */ = {isa = PBXBuildFile; fileRef = 4CEB56A22882AB1F00238D60 /* ProtocolCell.swift */; };
		4CF07936287BDECE0067FD12 /* AppDelegate.swift in Sources */ = {isa = PBXBuildFile; fileRef = 4CF07935287BDECE0067FD12 /* AppDelegate.swift */; };
		4CF07938287BDECE0067FD12 /* SceneDelegate.swift in Sources */ = {isa = PBXBuildFile; fileRef = 4CF07937287BDECE0067FD12 /* SceneDelegate.swift */; };
		4CF07940287BDECE0067FD12 /* alarm_ios.xcdatamodeld in Sources */ = {isa = PBXBuildFile; fileRef = 4CF0793E287BDECE0067FD12 /* alarm_ios.xcdatamodeld */; };
		4CF07942287BDECF0067FD12 /* Assets.xcassets in Resources */ = {isa = PBXBuildFile; fileRef = 4CF07941287BDECF0067FD12 /* Assets.xcassets */; };
		4CF07945287BDECF0067FD12 /* LaunchScreen.storyboard in Resources */ = {isa = PBXBuildFile; fileRef = 4CF07943287BDECF0067FD12 /* LaunchScreen.storyboard */; };
		4CF0794E287BF1B10067FD12 /* User.swift in Sources */ = {isa = PBXBuildFile; fileRef = 4CF0794D287BF1B10067FD12 /* User.swift */; };
		4CF07952287BF9A10067FD12 /* Song.swift in Sources */ = {isa = PBXBuildFile; fileRef = 4CF07951287BF9A10067FD12 /* Song.swift */; };
/* End PBXBuildFile section */

/* Begin PBXFileReference section */
		4C2814EF2AB9A8DC00E82BED /* UIViewController+Extension.swift */ = {isa = PBXFileReference; lastKnownFileType = sourcecode.swift; path = "UIViewController+Extension.swift"; sourceTree = "<group>"; };
		4C2814F12AB9B05300E82BED /* DaysShortcutCell.swift */ = {isa = PBXFileReference; lastKnownFileType = sourcecode.swift; path = DaysShortcutCell.swift; sourceTree = "<group>"; };
		4C2F060228831C2500223D6F /* UIColor+Extension.swift */ = {isa = PBXFileReference; lastKnownFileType = sourcecode.swift; path = "UIColor+Extension.swift"; sourceTree = "<group>"; };
		4C34574628844F11001F5637 /* DaySelectViewController.swift */ = {isa = PBXFileReference; lastKnownFileType = sourcecode.swift; path = DaySelectViewController.swift; sourceTree = "<group>"; };
		4C34574B2884BD97001F5637 /* TitleCell.swift */ = {isa = PBXFileReference; lastKnownFileType = sourcecode.swift; path = TitleCell.swift; sourceTree = "<group>"; };
		4C3457522884C591001F5637 /* DayCheckCell.swift */ = {isa = PBXFileReference; lastKnownFileType = sourcecode.swift; path = DayCheckCell.swift; sourceTree = "<group>"; };
		4C351F062883DA4D003F39EF /* DayCell.swift */ = {isa = PBXFileReference; lastKnownFileType = sourcecode.swift; path = DayCell.swift; sourceTree = "<group>"; };
		4C351F072883DA4D003F39EF /* DayCell.xib */ = {isa = PBXFileReference; lastKnownFileType = file.xib; path = DayCell.xib; sourceTree = "<group>"; };
		4C43BA40288C056E003A987D /* SongUseCase.swift */ = {isa = PBXFileReference; lastKnownFileType = sourcecode.swift; path = SongUseCase.swift; sourceTree = "<group>"; };
		4C4F2F7B28D806E700F311B6 /* SettingSongCell.swift */ = {isa = PBXFileReference; lastKnownFileType = sourcecode.swift; path = SettingSongCell.swift; sourceTree = "<group>"; };
		4C4F2F7C28D806E700F311B6 /* SettingSongCell.xib */ = {isa = PBXFileReference; lastKnownFileType = file.xib; path = SettingSongCell.xib; sourceTree = "<group>"; };
		4C4F2F8028D81BFF00F311B6 /* SettingSongModalViewController.swift */ = {isa = PBXFileReference; lastKnownFileType = sourcecode.swift; path = SettingSongModalViewController.swift; sourceTree = "<group>"; };
		4C4F2F8528D81EFE00F311B6 /* GroupSongCell.swift */ = {isa = PBXFileReference; lastKnownFileType = sourcecode.swift; path = GroupSongCell.swift; sourceTree = "<group>"; };
		4C4F2F8628D81EFE00F311B6 /* GroupSongCell.xib */ = {isa = PBXFileReference; lastKnownFileType = file.xib; path = GroupSongCell.xib; sourceTree = "<group>"; };
		4C86EAFC2885822F00334394 /* CancelDoneCell.swift */ = {isa = PBXFileReference; lastKnownFileType = sourcecode.swift; path = CancelDoneCell.swift; sourceTree = "<group>"; };
		4C86EAFD2885822F00334394 /* CancelDoneCell.xib */ = {isa = PBXFileReference; lastKnownFileType = file.xib; path = CancelDoneCell.xib; sourceTree = "<group>"; };
		4CC99BAA288440D600C79B87 /* en */ = {isa = PBXFileReference; lastKnownFileType = text.plist.strings; name = en; path = en.lproj/Localizable.strings; sourceTree = "<group>"; };
		4CC99BAC288440F500C79B87 /* es-419 */ = {isa = PBXFileReference; lastKnownFileType = text.plist.strings; name = "es-419"; path = "es-419.lproj/Localizable.strings"; sourceTree = "<group>"; };
		4CC99BAE2884435900C79B87 /* Localizable.swift */ = {isa = PBXFileReference; lastKnownFileType = sourcecode.swift; path = Localizable.swift; sourceTree = "<group>"; };
		4CC99BB1288446CB00C79B87 /* DayUseCase.swift */ = {isa = PBXFileReference; lastKnownFileType = sourcecode.swift; path = DayUseCase.swift; sourceTree = "<group>"; };
		4CE55E362888EC0500FD7E60 /* SongCell.swift */ = {isa = PBXFileReference; lastKnownFileType = sourcecode.swift; path = SongCell.swift; sourceTree = "<group>"; };
		4CE55E372888EC0500FD7E60 /* SongCell.xib */ = {isa = PBXFileReference; lastKnownFileType = file.xib; path = SongCell.xib; sourceTree = "<group>"; };
		4CEB5670288234C400238D60 /* Device.swift */ = {isa = PBXFileReference; lastKnownFileType = sourcecode.swift; path = Device.swift; sourceTree = "<group>"; };
		4CEB5672288234FB00238D60 /* Subcription.swift */ = {isa = PBXFileReference; lastKnownFileType = sourcecode.swift; path = Subcription.swift; sourceTree = "<group>"; };
		4CEB56742882351000238D60 /* Alarm.swift */ = {isa = PBXFileReference; lastKnownFileType = sourcecode.swift; path = Alarm.swift; sourceTree = "<group>"; };
		4CEB56772882385E00238D60 /* GoogleService-Info.plist */ = {isa = PBXFileReference; fileEncoding = 4; lastKnownFileType = text.plist.xml; path = "GoogleService-Info.plist"; sourceTree = "<group>"; };
		4CEB567B2882701200238D60 /* AlarmSettingViewController.swift */ = {isa = PBXFileReference; lastKnownFileType = sourcecode.swift; path = AlarmSettingViewController.swift; sourceTree = "<group>"; };
		4CEB56822882742D00238D60 /* TimerCell.swift */ = {isa = PBXFileReference; lastKnownFileType = sourcecode.swift; path = TimerCell.swift; sourceTree = "<group>"; };
		4CEB56832882742D00238D60 /* TimerCell.xib */ = {isa = PBXFileReference; lastKnownFileType = file.xib; path = TimerCell.xib; sourceTree = "<group>"; };
		4CEB5687288274DC00238D60 /* Nunito-ExtraLight.ttf */ = {isa = PBXFileReference; lastKnownFileType = file; path = "Nunito-ExtraLight.ttf"; sourceTree = "<group>"; };
		4CEB5688288274DC00238D60 /* Nunito-Bold.ttf */ = {isa = PBXFileReference; lastKnownFileType = file; path = "Nunito-Bold.ttf"; sourceTree = "<group>"; };
		4CEB5689288274DC00238D60 /* Nunito-Regular.ttf */ = {isa = PBXFileReference; lastKnownFileType = file; path = "Nunito-Regular.ttf"; sourceTree = "<group>"; };
		4CEB568A288274DC00238D60 /* Nunito-Medium.ttf */ = {isa = PBXFileReference; lastKnownFileType = file; path = "Nunito-Medium.ttf"; sourceTree = "<group>"; };
		4CEB568B288274DC00238D60 /* Nunito-ExtraBold.ttf */ = {isa = PBXFileReference; lastKnownFileType = file; path = "Nunito-ExtraBold.ttf"; sourceTree = "<group>"; };
		4CEB568C288274DC00238D60 /* Nunito-Light.ttf */ = {isa = PBXFileReference; lastKnownFileType = file; path = "Nunito-Light.ttf"; sourceTree = "<group>"; };
		4CEB568D288274DC00238D60 /* Nunito-SemiBold.ttf */ = {isa = PBXFileReference; lastKnownFileType = file; path = "Nunito-SemiBold.ttf"; sourceTree = "<group>"; };
		4CEB568E288274DC00238D60 /* Nunito-Black.ttf */ = {isa = PBXFileReference; lastKnownFileType = file; path = "Nunito-Black.ttf"; sourceTree = "<group>"; };
		4CEB569928827C3500238D60 /* InitialViewControllerUseCase.swift */ = {isa = PBXFileReference; lastKnownFileType = sourcecode.swift; path = InitialViewControllerUseCase.swift; sourceTree = "<group>"; };
		4CEB569C28827D4C00238D60 /* TimerUseCase.swift */ = {isa = PBXFileReference; lastKnownFileType = sourcecode.swift; path = TimerUseCase.swift; sourceTree = "<group>"; };
		4CEB569E2882A88300238D60 /* CustomCell.swift */ = {isa = PBXFileReference; lastKnownFileType = sourcecode.swift; path = CustomCell.swift; sourceTree = "<group>"; };
		4CEB56A22882AB1F00238D60 /* ProtocolCell.swift */ = {isa = PBXFileReference; lastKnownFileType = sourcecode.swift; path = ProtocolCell.swift; sourceTree = "<group>"; };
		4CF07932287BDECE0067FD12 /* alarm-ios.app */ = {isa = PBXFileReference; explicitFileType = wrapper.application; includeInIndex = 0; path = "alarm-ios.app"; sourceTree = BUILT_PRODUCTS_DIR; };
		4CF07935287BDECE0067FD12 /* AppDelegate.swift */ = {isa = PBXFileReference; lastKnownFileType = sourcecode.swift; path = AppDelegate.swift; sourceTree = "<group>"; };
		4CF07937287BDECE0067FD12 /* SceneDelegate.swift */ = {isa = PBXFileReference; lastKnownFileType = sourcecode.swift; path = SceneDelegate.swift; sourceTree = "<group>"; };
		4CF0793F287BDECE0067FD12 /* alarm_ios.xcdatamodel */ = {isa = PBXFileReference; lastKnownFileType = wrapper.xcdatamodel; path = alarm_ios.xcdatamodel; sourceTree = "<group>"; };
		4CF07941287BDECF0067FD12 /* Assets.xcassets */ = {isa = PBXFileReference; lastKnownFileType = folder.assetcatalog; path = Assets.xcassets; sourceTree = "<group>"; };
		4CF07944287BDECF0067FD12 /* Base */ = {isa = PBXFileReference; lastKnownFileType = file.storyboard; name = Base; path = Base.lproj/LaunchScreen.storyboard; sourceTree = "<group>"; };
		4CF07946287BDECF0067FD12 /* Info.plist */ = {isa = PBXFileReference; lastKnownFileType = text.plist.xml; path = Info.plist; sourceTree = "<group>"; };
		4CF0794D287BF1B10067FD12 /* User.swift */ = {isa = PBXFileReference; lastKnownFileType = sourcecode.swift; path = User.swift; sourceTree = "<group>"; };
		4CF07951287BF9A10067FD12 /* Song.swift */ = {isa = PBXFileReference; lastKnownFileType = sourcecode.swift; path = Song.swift; sourceTree = "<group>"; };
		5FA1F67C8B96FF5EC1431E80 /* Pods_alarm_ios.framework */ = {isa = PBXFileReference; explicitFileType = wrapper.framework; includeInIndex = 0; path = Pods_alarm_ios.framework; sourceTree = BUILT_PRODUCTS_DIR; };
		8A70B8C85FE29C822BBCA75E /* Pods-alarm-ios.release.xcconfig */ = {isa = PBXFileReference; includeInIndex = 1; lastKnownFileType = text.xcconfig; name = "Pods-alarm-ios.release.xcconfig"; path = "Target Support Files/Pods-alarm-ios/Pods-alarm-ios.release.xcconfig"; sourceTree = "<group>"; };
		94A3377B226E7460AFCC66D6 /* Pods-alarm-ios.debug.xcconfig */ = {isa = PBXFileReference; includeInIndex = 1; lastKnownFileType = text.xcconfig; name = "Pods-alarm-ios.debug.xcconfig"; path = "Target Support Files/Pods-alarm-ios/Pods-alarm-ios.debug.xcconfig"; sourceTree = "<group>"; };
/* End PBXFileReference section */

/* Begin PBXFrameworksBuildPhase section */
		4CF0792F287BDECE0067FD12 /* Frameworks */ = {
			isa = PBXFrameworksBuildPhase;
			buildActionMask = 2147483647;
			files = (
				447DC0E0063D83170F0B8827 /* Pods_alarm_ios.framework in Frameworks */,
			);
			runOnlyForDeploymentPostprocessing = 0;
		};
/* End PBXFrameworksBuildPhase section */

/* Begin PBXGroup section */
		374DE741D55760AB9907C08A /* Frameworks */ = {
			isa = PBXGroup;
			children = (
				5FA1F67C8B96FF5EC1431E80 /* Pods_alarm_ios.framework */,
			);
			name = Frameworks;
			sourceTree = "<group>";
		};
		4C2F060028831C0900223D6F /* Utils */ = {
			isa = PBXGroup;
			children = (
				4C2F060128831C1000223D6F /* Extensions */,
			);
			path = Utils;
			sourceTree = "<group>";
		};
		4C2F060128831C1000223D6F /* Extensions */ = {
			isa = PBXGroup;
			children = (
				4C2F060228831C2500223D6F /* UIColor+Extension.swift */,
				4C2814EF2AB9A8DC00E82BED /* UIViewController+Extension.swift */,
			);
			path = Extensions;
			sourceTree = "<group>";
		};
		4C34574528844EDC001F5637 /* DaySelect */ = {
			isa = PBXGroup;
			children = (
				4C34574628844F11001F5637 /* DaySelectViewController.swift */,
			);
			path = DaySelect;
			sourceTree = "<group>";
		};
		4C351F052883DA29003F39EF /* DayCell */ = {
			isa = PBXGroup;
			children = (
				4C351F062883DA4D003F39EF /* DayCell.swift */,
				4C351F072883DA4D003F39EF /* DayCell.xib */,
			);
			path = DayCell;
			sourceTree = "<group>";
		};
		4C43BA3F288C0555003A987D /* Song */ = {
			isa = PBXGroup;
			children = (
				4C43BA40288C056E003A987D /* SongUseCase.swift */,
			);
			path = Song;
			sourceTree = "<group>";
		};
		4C4F2F7A28D806A200F311B6 /* SettingSongCell */ = {
			isa = PBXGroup;
			children = (
				4C4F2F7B28D806E700F311B6 /* SettingSongCell.swift */,
				4C4F2F7C28D806E700F311B6 /* SettingSongCell.xib */,
			);
			path = SettingSongCell;
			sourceTree = "<group>";
		};
		4C4F2F7F28D81B6200F311B6 /* SettingSong */ = {
			isa = PBXGroup;
			children = (
				4C4F2F8028D81BFF00F311B6 /* SettingSongModalViewController.swift */,
			);
			path = SettingSong;
			sourceTree = "<group>";
		};
		4C4F2F8428D81ED000F311B6 /* GroupSongCell */ = {
			isa = PBXGroup;
			children = (
				4C4F2F8528D81EFE00F311B6 /* GroupSongCell.swift */,
				4C4F2F8628D81EFE00F311B6 /* GroupSongCell.xib */,
			);
			path = GroupSongCell;
			sourceTree = "<group>";
		};
		4C86EAFB2885813B00334394 /* CancelDoneCell */ = {
			isa = PBXGroup;
			children = (
				4C86EAFC2885822F00334394 /* CancelDoneCell.swift */,
				4C86EAFD2885822F00334394 /* CancelDoneCell.xib */,
			);
			path = CancelDoneCell;
			sourceTree = "<group>";
		};
		4CC99BB0288446BC00C79B87 /* Day */ = {
			isa = PBXGroup;
			children = (
				4CC99BB1288446CB00C79B87 /* DayUseCase.swift */,
			);
			path = Day;
			sourceTree = "<group>";
		};
		4CE55E352888EBD400FD7E60 /* SongCell */ = {
			isa = PBXGroup;
			children = (
				4CE55E362888EC0500FD7E60 /* SongCell.swift */,
				4CE55E372888EC0500FD7E60 /* SongCell.xib */,
			);
			path = SongCell;
			sourceTree = "<group>";
		};
		4CEB5676288237BA00238D60 /* Resources */ = {
			isa = PBXGroup;
			children = (
				4CEB56862882749200238D60 /* Font */,
				4CEB56772882385E00238D60 /* GoogleService-Info.plist */,
				4CF07941287BDECF0067FD12 /* Assets.xcassets */,
				4CC99BAB288440D600C79B87 /* Localizable.strings */,
				4CC99BAE2884435900C79B87 /* Localizable.swift */,
			);
			path = Resources;
			sourceTree = "<group>";
		};
		4CEB567928826EE300238D60 /* AlarmSetting */ = {
			isa = PBXGroup;
			children = (
				4CEB567B2882701200238D60 /* AlarmSettingViewController.swift */,
			);
			path = AlarmSetting;
			sourceTree = "<group>";
		};
		4CEB567A28826F1400238D60 /* Modules */ = {
			isa = PBXGroup;
			children = (
				4C4F2F7F28D81B6200F311B6 /* SettingSong */,
				4C34574528844EDC001F5637 /* DaySelect */,
				4CEB567928826EE300238D60 /* AlarmSetting */,
			);
			path = Modules;
			sourceTree = "<group>";
		};
		4CEB567F2882707800238D60 /* Cells */ = {
			isa = PBXGroup;
			children = (
				4CEB569E2882A88300238D60 /* CustomCell.swift */,
				4CEB56A22882AB1F00238D60 /* ProtocolCell.swift */,
				4C34574B2884BD97001F5637 /* TitleCell.swift */,
				4C2814F12AB9B05300E82BED /* DaysShortcutCell.swift */,
				4C3457522884C591001F5637 /* DayCheckCell.swift */,
				4C4F2F8428D81ED000F311B6 /* GroupSongCell */,
				4C4F2F7A28D806A200F311B6 /* SettingSongCell */,
				4C86EAFB2885813B00334394 /* CancelDoneCell */,
				4C351F052883DA29003F39EF /* DayCell */,
				4CEB5681288270A600238D60 /* TimerCell */,
				4CE55E352888EBD400FD7E60 /* SongCell */,
			);
			path = Cells;
			sourceTree = "<group>";
		};
		4CEB5681288270A600238D60 /* TimerCell */ = {
			isa = PBXGroup;
			children = (
				4CEB56822882742D00238D60 /* TimerCell.swift */,
				4CEB56832882742D00238D60 /* TimerCell.xib */,
			);
			path = TimerCell;
			sourceTree = "<group>";
		};
		4CEB56862882749200238D60 /* Font */ = {
			isa = PBXGroup;
			children = (
				4CEB568E288274DC00238D60 /* Nunito-Black.ttf */,
				4CEB5688288274DC00238D60 /* Nunito-Bold.ttf */,
				4CEB568B288274DC00238D60 /* Nunito-ExtraBold.ttf */,
				4CEB5687288274DC00238D60 /* Nunito-ExtraLight.ttf */,
				4CEB568C288274DC00238D60 /* Nunito-Light.ttf */,
				4CEB568A288274DC00238D60 /* Nunito-Medium.ttf */,
				4CEB5689288274DC00238D60 /* Nunito-Regular.ttf */,
				4CEB568D288274DC00238D60 /* Nunito-SemiBold.ttf */,
			);
			path = Font;
			sourceTree = "<group>";
		};
		4CEB569728827BEE00238D60 /* UseCases */ = {
			isa = PBXGroup;
			children = (
				4CEB569828827BF900238D60 /* InitialViewControllerUseCase */,
				4C43BA3F288C0555003A987D /* Song */,
				4CC99BB0288446BC00C79B87 /* Day */,
				4CEB569B28827D3B00238D60 /* Timer */,
			);
			path = UseCases;
			sourceTree = "<group>";
		};
		4CEB569828827BF900238D60 /* InitialViewControllerUseCase */ = {
			isa = PBXGroup;
			children = (
				4CEB569928827C3500238D60 /* InitialViewControllerUseCase.swift */,
			);
			path = InitialViewControllerUseCase;
			sourceTree = "<group>";
		};
		4CEB569B28827D3B00238D60 /* Timer */ = {
			isa = PBXGroup;
			children = (
				4CEB569C28827D4C00238D60 /* TimerUseCase.swift */,
			);
			path = Timer;
			sourceTree = "<group>";
		};
		4CF07929287BDECE0067FD12 = {
			isa = PBXGroup;
			children = (
				4CF07935287BDECE0067FD12 /* AppDelegate.swift */,
				4CF07937287BDECE0067FD12 /* SceneDelegate.swift */,
				4CF07934287BDECE0067FD12 /* alarm-ios */,
				4CF07933287BDECE0067FD12 /* Products */,
				EA21198BDF0A752BE402FFD7 /* Pods */,
				374DE741D55760AB9907C08A /* Frameworks */,
			);
			sourceTree = "<group>";
		};
		4CF07933287BDECE0067FD12 /* Products */ = {
			isa = PBXGroup;
			children = (
				4CF07932287BDECE0067FD12 /* alarm-ios.app */,
			);
			name = Products;
			sourceTree = "<group>";
		};
		4CF07934287BDECE0067FD12 /* alarm-ios */ = {
			isa = PBXGroup;
			children = (
				4C2F060028831C0900223D6F /* Utils */,
				4CEB569728827BEE00238D60 /* UseCases */,
				4CEB567A28826F1400238D60 /* Modules */,
				4CEB567F2882707800238D60 /* Cells */,
				4CEB5676288237BA00238D60 /* Resources */,
				4CF0794C287BF1820067FD12 /* Model */,
				4CF07943287BDECF0067FD12 /* LaunchScreen.storyboard */,
				4CF07946287BDECF0067FD12 /* Info.plist */,
				4CF0793E287BDECE0067FD12 /* alarm_ios.xcdatamodeld */,
			);
			path = "alarm-ios";
			sourceTree = "<group>";
		};
		4CF0794C287BF1820067FD12 /* Model */ = {
			isa = PBXGroup;
			children = (
				4CF0794D287BF1B10067FD12 /* User.swift */,
				4CF07951287BF9A10067FD12 /* Song.swift */,
				4CEB5670288234C400238D60 /* Device.swift */,
				4CEB5672288234FB00238D60 /* Subcription.swift */,
				4CEB56742882351000238D60 /* Alarm.swift */,
			);
			path = Model;
			sourceTree = "<group>";
		};
		EA21198BDF0A752BE402FFD7 /* Pods */ = {
			isa = PBXGroup;
			children = (
				94A3377B226E7460AFCC66D6 /* Pods-alarm-ios.debug.xcconfig */,
				8A70B8C85FE29C822BBCA75E /* Pods-alarm-ios.release.xcconfig */,
			);
			path = Pods;
			sourceTree = "<group>";
		};
/* End PBXGroup section */

/* Begin PBXNativeTarget section */
		4CF07931287BDECE0067FD12 /* alarm-ios */ = {
			isa = PBXNativeTarget;
			buildConfigurationList = 4CF07949287BDECF0067FD12 /* Build configuration list for PBXNativeTarget "alarm-ios" */;
			buildPhases = (
				2932EA82F593DD1DD73C4B05 /* [CP] Check Pods Manifest.lock */,
				4CF0792E287BDECE0067FD12 /* Sources */,
				4CF0792F287BDECE0067FD12 /* Frameworks */,
				4CF07930287BDECE0067FD12 /* Resources */,
				8B696FF229AC571923E96880 /* [CP] Embed Pods Frameworks */,
			);
			buildRules = (
			);
			dependencies = (
			);
			name = "alarm-ios";
			productName = "alarm-ios";
			productReference = 4CF07932287BDECE0067FD12 /* alarm-ios.app */;
			productType = "com.apple.product-type.application";
		};
/* End PBXNativeTarget section */

/* Begin PBXProject section */
		4CF0792A287BDECE0067FD12 /* Project object */ = {
			isa = PBXProject;
			attributes = {
				BuildIndependentTargetsInParallel = 1;
				LastSwiftUpdateCheck = 1340;
				LastUpgradeCheck = 1340;
				TargetAttributes = {
					4CF07931287BDECE0067FD12 = {
						CreatedOnToolsVersion = 13.4;
					};
				};
			};
			buildConfigurationList = 4CF0792D287BDECE0067FD12 /* Build configuration list for PBXProject "alarm-ios" */;
			compatibilityVersion = "Xcode 13.0";
			developmentRegion = en;
			hasScannedForEncodings = 0;
			knownRegions = (
				en,
				Base,
				"es-419",
				ru,
			);
			mainGroup = 4CF07929287BDECE0067FD12;
			productRefGroup = 4CF07933287BDECE0067FD12 /* Products */;
			projectDirPath = "";
			projectRoot = "";
			targets = (
				4CF07931287BDECE0067FD12 /* alarm-ios */,
			);
		};
/* End PBXProject section */

/* Begin PBXResourcesBuildPhase section */
		4CF07930287BDECE0067FD12 /* Resources */ = {
			isa = PBXResourcesBuildPhase;
			buildActionMask = 2147483647;
			files = (
				4CEB5695288274DC00238D60 /* Nunito-SemiBold.ttf in Resources */,
				4CEB5690288274DC00238D60 /* Nunito-Bold.ttf in Resources */,
				4CF07945287BDECF0067FD12 /* LaunchScreen.storyboard in Resources */,
				4CEB5691288274DC00238D60 /* Nunito-Regular.ttf in Resources */,
				4CEB56852882742D00238D60 /* TimerCell.xib in Resources */,
				4CEB5694288274DC00238D60 /* Nunito-Light.ttf in Resources */,
				4CEB568F288274DC00238D60 /* Nunito-ExtraLight.ttf in Resources */,
				4C351F092883DA4D003F39EF /* DayCell.xib in Resources */,
				4C4F2F7E28D806E700F311B6 /* SettingSongCell.xib in Resources */,
				4CF07942287BDECF0067FD12 /* Assets.xcassets in Resources */,
				4CC99BA9288440D600C79B87 /* Localizable.strings in Resources */,
				4CEB5696288274DC00238D60 /* Nunito-Black.ttf in Resources */,
				4CEB5693288274DC00238D60 /* Nunito-ExtraBold.ttf in Resources */,
				4C86EAFF2885822F00334394 /* CancelDoneCell.xib in Resources */,
				4CE55E392888EC0500FD7E60 /* SongCell.xib in Resources */,
				4CEB56782882385E00238D60 /* GoogleService-Info.plist in Resources */,
				4C4F2F8828D81EFE00F311B6 /* GroupSongCell.xib in Resources */,
				4CEB5692288274DC00238D60 /* Nunito-Medium.ttf in Resources */,
			);
			runOnlyForDeploymentPostprocessing = 0;
		};
/* End PBXResourcesBuildPhase section */

/* Begin PBXShellScriptBuildPhase section */
		2932EA82F593DD1DD73C4B05 /* [CP] Check Pods Manifest.lock */ = {
			isa = PBXShellScriptBuildPhase;
			buildActionMask = 2147483647;
			files = (
			);
			inputFileListPaths = (
			);
			inputPaths = (
				"${PODS_PODFILE_DIR_PATH}/Podfile.lock",
				"${PODS_ROOT}/Manifest.lock",
			);
			name = "[CP] Check Pods Manifest.lock";
			outputFileListPaths = (
			);
			outputPaths = (
				"$(DERIVED_FILE_DIR)/Pods-alarm-ios-checkManifestLockResult.txt",
			);
			runOnlyForDeploymentPostprocessing = 0;
			shellPath = /bin/sh;
			shellScript = "diff \"${PODS_PODFILE_DIR_PATH}/Podfile.lock\" \"${PODS_ROOT}/Manifest.lock\" > /dev/null\nif [ $? != 0 ] ; then\n    # print error to STDERR\n    echo \"error: The sandbox is not in sync with the Podfile.lock. Run 'pod install' or update your CocoaPods installation.\" >&2\n    exit 1\nfi\n# This output is used by Xcode 'outputs' to avoid re-running this script phase.\necho \"SUCCESS\" > \"${SCRIPT_OUTPUT_FILE_0}\"\n";
			showEnvVarsInLog = 0;
		};
		8B696FF229AC571923E96880 /* [CP] Embed Pods Frameworks */ = {
			isa = PBXShellScriptBuildPhase;
			buildActionMask = 2147483647;
			files = (
			);
			inputFileListPaths = (
				"${PODS_ROOT}/Target Support Files/Pods-alarm-ios/Pods-alarm-ios-frameworks-${CONFIGURATION}-input-files.xcfilelist",
			);
			name = "[CP] Embed Pods Frameworks";
			outputFileListPaths = (
				"${PODS_ROOT}/Target Support Files/Pods-alarm-ios/Pods-alarm-ios-frameworks-${CONFIGURATION}-output-files.xcfilelist",
			);
			runOnlyForDeploymentPostprocessing = 0;
			shellPath = /bin/sh;
			shellScript = "\"${PODS_ROOT}/Target Support Files/Pods-alarm-ios/Pods-alarm-ios-frameworks.sh\"\n";
			showEnvVarsInLog = 0;
		};
/* End PBXShellScriptBuildPhase section */

/* Begin PBXSourcesBuildPhase section */
		4CF0792E287BDECE0067FD12 /* Sources */ = {
			isa = PBXSourcesBuildPhase;
			buildActionMask = 2147483647;
			files = (
				4CF07952287BF9A10067FD12 /* Song.swift in Sources */,
				4C3457542884C591001F5637 /* DayCheckCell.swift in Sources */,
				4C4F2F8228D81C0000F311B6 /* SettingSongModalViewController.swift in Sources */,
				4C4F2F7D28D806E700F311B6 /* SettingSongCell.swift in Sources */,
				4C2814F02AB9A8DC00E82BED /* UIViewController+Extension.swift in Sources */,
				4C34574828844F11001F5637 /* DaySelectViewController.swift in Sources */,
				4CEB569F2882A88300238D60 /* CustomCell.swift in Sources */,
				4CC99BAF2884435900C79B87 /* Localizable.swift in Sources */,
				4CEB56752882351000238D60 /* Alarm.swift in Sources */,
				4CEB567D2882701200238D60 /* AlarmSettingViewController.swift in Sources */,
				4CF07940287BDECE0067FD12 /* alarm_ios.xcdatamodeld in Sources */,
				4CF07936287BDECE0067FD12 /* AppDelegate.swift in Sources */,
				4C2814F22AB9B05300E82BED /* DaysShortcutCell.swift in Sources */,
				4CF0794E287BF1B10067FD12 /* User.swift in Sources */,
				4C4F2F8728D81EFE00F311B6 /* GroupSongCell.swift in Sources */,
				4C2F060328831C2500223D6F /* UIColor+Extension.swift in Sources */,
				4CEB5671288234C400238D60 /* Device.swift in Sources */,
				4C34574D2884BD97001F5637 /* TitleCell.swift in Sources */,
				4CEB569D28827D4C00238D60 /* TimerUseCase.swift in Sources */,
				4C351F082883DA4D003F39EF /* DayCell.swift in Sources */,
				4CEB569A28827C3500238D60 /* InitialViewControllerUseCase.swift in Sources */,
				4CEB5673288234FB00238D60 /* Subcription.swift in Sources */,
				4C86EAFE2885822F00334394 /* CancelDoneCell.swift in Sources */,
				4CE55E382888EC0500FD7E60 /* SongCell.swift in Sources */,
				4CF07938287BDECE0067FD12 /* SceneDelegate.swift in Sources */,
				4C43BA41288C056E003A987D /* SongUseCase.swift in Sources */,
				4CEB56842882742D00238D60 /* TimerCell.swift in Sources */,
				4CC99BB2288446CB00C79B87 /* DayUseCase.swift in Sources */,
				4CEB56A32882AB2000238D60 /* ProtocolCell.swift in Sources */,
			);
			runOnlyForDeploymentPostprocessing = 0;
		};
/* End PBXSourcesBuildPhase section */

/* Begin PBXVariantGroup section */
		4CC99BAB288440D600C79B87 /* Localizable.strings */ = {
			isa = PBXVariantGroup;
			children = (
				4CC99BAA288440D600C79B87 /* en */,
				4CC99BAC288440F500C79B87 /* es-419 */,
			);
			name = Localizable.strings;
			sourceTree = "<group>";
		};
		4CF07943287BDECF0067FD12 /* LaunchScreen.storyboard */ = {
			isa = PBXVariantGroup;
			children = (
				4CF07944287BDECF0067FD12 /* Base */,
			);
			name = LaunchScreen.storyboard;
			sourceTree = "<group>";
		};
/* End PBXVariantGroup section */

/* Begin XCBuildConfiguration section */
		4CF07947287BDECF0067FD12 /* Debug */ = {
			isa = XCBuildConfiguration;
			buildSettings = {
				ALWAYS_SEARCH_USER_PATHS = NO;
				CLANG_ANALYZER_LOCALIZABILITY_NONLOCALIZED = YES;
				CLANG_ANALYZER_NONNULL = YES;
				CLANG_ANALYZER_NUMBER_OBJECT_CONVERSION = YES_AGGRESSIVE;
				CLANG_CXX_LANGUAGE_STANDARD = "gnu++17";
				CLANG_ENABLE_MODULES = YES;
				CLANG_ENABLE_OBJC_ARC = YES;
				CLANG_ENABLE_OBJC_WEAK = YES;
				CLANG_WARN_BLOCK_CAPTURE_AUTORELEASING = YES;
				CLANG_WARN_BOOL_CONVERSION = YES;
				CLANG_WARN_COMMA = YES;
				CLANG_WARN_CONSTANT_CONVERSION = YES;
				CLANG_WARN_DEPRECATED_OBJC_IMPLEMENTATIONS = YES;
				CLANG_WARN_DIRECT_OBJC_ISA_USAGE = YES_ERROR;
				CLANG_WARN_DOCUMENTATION_COMMENTS = YES;
				CLANG_WARN_EMPTY_BODY = YES;
				CLANG_WARN_ENUM_CONVERSION = YES;
				CLANG_WARN_INFINITE_RECURSION = YES;
				CLANG_WARN_INT_CONVERSION = YES;
				CLANG_WARN_NON_LITERAL_NULL_CONVERSION = YES;
				CLANG_WARN_OBJC_IMPLICIT_RETAIN_SELF = YES;
				CLANG_WARN_OBJC_LITERAL_CONVERSION = YES;
				CLANG_WARN_OBJC_ROOT_CLASS = YES_ERROR;
				CLANG_WARN_QUOTED_INCLUDE_IN_FRAMEWORK_HEADER = YES;
				CLANG_WARN_RANGE_LOOP_ANALYSIS = YES;
				CLANG_WARN_STRICT_PROTOTYPES = YES;
				CLANG_WARN_SUSPICIOUS_MOVE = YES;
				CLANG_WARN_UNGUARDED_AVAILABILITY = YES_AGGRESSIVE;
				CLANG_WARN_UNREACHABLE_CODE = YES;
				CLANG_WARN__DUPLICATE_METHOD_MATCH = YES;
				COPY_PHASE_STRIP = NO;
				DEBUG_INFORMATION_FORMAT = dwarf;
				ENABLE_STRICT_OBJC_MSGSEND = YES;
				ENABLE_TESTABILITY = YES;
				GCC_C_LANGUAGE_STANDARD = gnu11;
				GCC_DYNAMIC_NO_PIC = NO;
				GCC_NO_COMMON_BLOCKS = YES;
				GCC_OPTIMIZATION_LEVEL = 0;
				GCC_PREPROCESSOR_DEFINITIONS = (
					"DEBUG=1",
					"$(inherited)",
				);
				GCC_WARN_64_TO_32_BIT_CONVERSION = YES;
				GCC_WARN_ABOUT_RETURN_TYPE = YES_ERROR;
				GCC_WARN_UNDECLARED_SELECTOR = YES;
				GCC_WARN_UNINITIALIZED_AUTOS = YES_AGGRESSIVE;
				GCC_WARN_UNUSED_FUNCTION = YES;
				GCC_WARN_UNUSED_VARIABLE = YES;
				IPHONEOS_DEPLOYMENT_TARGET = 15.5;
				MTL_ENABLE_DEBUG_INFO = INCLUDE_SOURCE;
				MTL_FAST_MATH = YES;
				ONLY_ACTIVE_ARCH = YES;
				SDKROOT = iphoneos;
				SWIFT_ACTIVE_COMPILATION_CONDITIONS = DEBUG;
				SWIFT_OPTIMIZATION_LEVEL = "-Onone";
			};
			name = Debug;
		};
		4CF07948287BDECF0067FD12 /* Release */ = {
			isa = XCBuildConfiguration;
			buildSettings = {
				ALWAYS_SEARCH_USER_PATHS = NO;
				CLANG_ANALYZER_LOCALIZABILITY_NONLOCALIZED = YES;
				CLANG_ANALYZER_NONNULL = YES;
				CLANG_ANALYZER_NUMBER_OBJECT_CONVERSION = YES_AGGRESSIVE;
				CLANG_CXX_LANGUAGE_STANDARD = "gnu++17";
				CLANG_ENABLE_MODULES = YES;
				CLANG_ENABLE_OBJC_ARC = YES;
				CLANG_ENABLE_OBJC_WEAK = YES;
				CLANG_WARN_BLOCK_CAPTURE_AUTORELEASING = YES;
				CLANG_WARN_BOOL_CONVERSION = YES;
				CLANG_WARN_COMMA = YES;
				CLANG_WARN_CONSTANT_CONVERSION = YES;
				CLANG_WARN_DEPRECATED_OBJC_IMPLEMENTATIONS = YES;
				CLANG_WARN_DIRECT_OBJC_ISA_USAGE = YES_ERROR;
				CLANG_WARN_DOCUMENTATION_COMMENTS = YES;
				CLANG_WARN_EMPTY_BODY = YES;
				CLANG_WARN_ENUM_CONVERSION = YES;
				CLANG_WARN_INFINITE_RECURSION = YES;
				CLANG_WARN_INT_CONVERSION = YES;
				CLANG_WARN_NON_LITERAL_NULL_CONVERSION = YES;
				CLANG_WARN_OBJC_IMPLICIT_RETAIN_SELF = YES;
				CLANG_WARN_OBJC_LITERAL_CONVERSION = YES;
				CLANG_WARN_OBJC_ROOT_CLASS = YES_ERROR;
				CLANG_WARN_QUOTED_INCLUDE_IN_FRAMEWORK_HEADER = YES;
				CLANG_WARN_RANGE_LOOP_ANALYSIS = YES;
				CLANG_WARN_STRICT_PROTOTYPES = YES;
				CLANG_WARN_SUSPICIOUS_MOVE = YES;
				CLANG_WARN_UNGUARDED_AVAILABILITY = YES_AGGRESSIVE;
				CLANG_WARN_UNREACHABLE_CODE = YES;
				CLANG_WARN__DUPLICATE_METHOD_MATCH = YES;
				COPY_PHASE_STRIP = NO;
				DEBUG_INFORMATION_FORMAT = "dwarf-with-dsym";
				ENABLE_NS_ASSERTIONS = NO;
				ENABLE_STRICT_OBJC_MSGSEND = YES;
				GCC_C_LANGUAGE_STANDARD = gnu11;
				GCC_NO_COMMON_BLOCKS = YES;
				GCC_WARN_64_TO_32_BIT_CONVERSION = YES;
				GCC_WARN_ABOUT_RETURN_TYPE = YES_ERROR;
				GCC_WARN_UNDECLARED_SELECTOR = YES;
				GCC_WARN_UNINITIALIZED_AUTOS = YES_AGGRESSIVE;
				GCC_WARN_UNUSED_FUNCTION = YES;
				GCC_WARN_UNUSED_VARIABLE = YES;
				IPHONEOS_DEPLOYMENT_TARGET = 15.5;
				MTL_ENABLE_DEBUG_INFO = NO;
				MTL_FAST_MATH = YES;
				SDKROOT = iphoneos;
				SWIFT_COMPILATION_MODE = wholemodule;
				SWIFT_OPTIMIZATION_LEVEL = "-O";
				VALIDATE_PRODUCT = YES;
			};
			name = Release;
		};
		4CF0794A287BDECF0067FD12 /* Debug */ = {
			isa = XCBuildConfiguration;
			baseConfigurationReference = 94A3377B226E7460AFCC66D6 /* Pods-alarm-ios.debug.xcconfig */;
			buildSettings = {
				ASSETCATALOG_COMPILER_APPICON_NAME = AppIcon;
				ASSETCATALOG_COMPILER_GLOBAL_ACCENT_COLOR_NAME = AccentColor;
				CODE_SIGN_STYLE = Automatic;
				CURRENT_PROJECT_VERSION = 1;
				DEVELOPMENT_TEAM = JGHBCD3B3C;
				GENERATE_INFOPLIST_FILE = YES;
				INFOPLIST_FILE = "alarm-ios/Info.plist";
				INFOPLIST_KEY_UIApplicationSupportsIndirectInputEvents = YES;
				INFOPLIST_KEY_UILaunchStoryboardName = LaunchScreen;
				INFOPLIST_KEY_UISupportedInterfaceOrientations = UIInterfaceOrientationPortrait;
				INFOPLIST_KEY_UISupportedInterfaceOrientations_iPad = "UIInterfaceOrientationLandscapeLeft UIInterfaceOrientationLandscapeRight UIInterfaceOrientationPortrait UIInterfaceOrientationPortraitUpsideDown";
				IPHONEOS_DEPLOYMENT_TARGET = 15.0;
				LD_RUNPATH_SEARCH_PATHS = (
					"$(inherited)",
					"@executable_path/Frameworks",
				);
				MARKETING_VERSION = 1.0;
				PRODUCT_BUNDLE_IDENTIFIER = "com.miguel.otero.alarm-ios";
				PRODUCT_NAME = "$(TARGET_NAME)";
				SUPPORTED_PLATFORMS = "iphoneos iphonesimulator";
				SUPPORTS_MACCATALYST = NO;
				SUPPORTS_MAC_DESIGNED_FOR_IPHONE_IPAD = YES;
				SWIFT_EMIT_LOC_STRINGS = YES;
				SWIFT_VERSION = 5.0;
				TARGETED_DEVICE_FAMILY = 1;
			};
			name = Debug;
		};
		4CF0794B287BDECF0067FD12 /* Release */ = {
			isa = XCBuildConfiguration;
			baseConfigurationReference = 8A70B8C85FE29C822BBCA75E /* Pods-alarm-ios.release.xcconfig */;
			buildSettings = {
				ASSETCATALOG_COMPILER_APPICON_NAME = AppIcon;
				ASSETCATALOG_COMPILER_GLOBAL_ACCENT_COLOR_NAME = AccentColor;
				CODE_SIGN_STYLE = Automatic;
				CURRENT_PROJECT_VERSION = 1;
				DEVELOPMENT_TEAM = JGHBCD3B3C;
				GENERATE_INFOPLIST_FILE = YES;
				INFOPLIST_FILE = "alarm-ios/Info.plist";
				INFOPLIST_KEY_UIApplicationSupportsIndirectInputEvents = YES;
				INFOPLIST_KEY_UILaunchStoryboardName = LaunchScreen;
				INFOPLIST_KEY_UISupportedInterfaceOrientations = UIInterfaceOrientationPortrait;
				INFOPLIST_KEY_UISupportedInterfaceOrientations_iPad = "UIInterfaceOrientationLandscapeLeft UIInterfaceOrientationLandscapeRight UIInterfaceOrientationPortrait UIInterfaceOrientationPortraitUpsideDown";
				IPHONEOS_DEPLOYMENT_TARGET = 15.0;
				LD_RUNPATH_SEARCH_PATHS = (
					"$(inherited)",
					"@executable_path/Frameworks",
				);
				MARKETING_VERSION = 1.0;
				PRODUCT_BUNDLE_IDENTIFIER = "com.miguel.otero.alarm-ios";
				PRODUCT_NAME = "$(TARGET_NAME)";
				SUPPORTED_PLATFORMS = "iphoneos iphonesimulator";
				SUPPORTS_MACCATALYST = NO;
				SUPPORTS_MAC_DESIGNED_FOR_IPHONE_IPAD = YES;
				SWIFT_EMIT_LOC_STRINGS = YES;
				SWIFT_VERSION = 5.0;
				TARGETED_DEVICE_FAMILY = 1;
			};
			name = Release;
		};
/* End XCBuildConfiguration section */

/* Begin XCConfigurationList section */
		4CF0792D287BDECE0067FD12 /* Build configuration list for PBXProject "alarm-ios" */ = {
			isa = XCConfigurationList;
			buildConfigurations = (
				4CF07947287BDECF0067FD12 /* Debug */,
				4CF07948287BDECF0067FD12 /* Release */,
			);
			defaultConfigurationIsVisible = 0;
			defaultConfigurationName = Release;
		};
		4CF07949287BDECF0067FD12 /* Build configuration list for PBXNativeTarget "alarm-ios" */ = {
			isa = XCConfigurationList;
			buildConfigurations = (
				4CF0794A287BDECF0067FD12 /* Debug */,
				4CF0794B287BDECF0067FD12 /* Release */,
			);
			defaultConfigurationIsVisible = 0;
			defaultConfigurationName = Release;
		};
/* End XCConfigurationList section */

/* Begin XCVersionGroup section */
		4CF0793E287BDECE0067FD12 /* alarm_ios.xcdatamodeld */ = {
			isa = XCVersionGroup;
			children = (
				4CF0793F287BDECE0067FD12 /* alarm_ios.xcdatamodel */,
			);
			currentVersion = 4CF0793F287BDECE0067FD12 /* alarm_ios.xcdatamodel */;
			path = alarm_ios.xcdatamodeld;
			sourceTree = "<group>";
			versionGroupType = wrapper.xcdatamodel;
		};
/* End XCVersionGroup section */
	};
	rootObject = 4CF0792A287BDECE0067FD12 /* Project object */;
}
